// !$*UTF8*$!
{
	archiveVersion = 1;
	classes = {
	};
	objectVersion = 46;
	objects = {

/* Begin PBXBuildFile section */
		5A32B5051D06728D007FBEF7 /* AppDelegate.swift in Sources */ = {isa = PBXBuildFile; fileRef = 5A32B5041D06728D007FBEF7 /* AppDelegate.swift */; };
		5A32B5071D06728D007FBEF7 /* StoreSearchViewController.swift in Sources */ = {isa = PBXBuildFile; fileRef = 5A32B5061D06728D007FBEF7 /* StoreSearchViewController.swift */; };
		5A32B50A1D06728D007FBEF7 /* Main.storyboard in Resources */ = {isa = PBXBuildFile; fileRef = 5A32B5081D06728D007FBEF7 /* Main.storyboard */; };
		5A32B50C1D06728D007FBEF7 /* Assets.xcassets in Resources */ = {isa = PBXBuildFile; fileRef = 5A32B50B1D06728D007FBEF7 /* Assets.xcassets */; };
		5A32B50F1D06728D007FBEF7 /* LaunchScreen.storyboard in Resources */ = {isa = PBXBuildFile; fileRef = 5A32B50D1D06728D007FBEF7 /* LaunchScreen.storyboard */; };
		5A32B5181D06B8A7007FBEF7 /* SearchResult.swift in Sources */ = {isa = PBXBuildFile; fileRef = 5A32B5171D06B8A7007FBEF7 /* SearchResult.swift */; };
		5A32B51A1D06C429007FBEF7 /* SearchResultCell.xib in Resources */ = {isa = PBXBuildFile; fileRef = 5A32B5191D06C429007FBEF7 /* SearchResultCell.xib */; };
		5A32B51C1D06E5F4007FBEF7 /* SearchResultCell.swift in Sources */ = {isa = PBXBuildFile; fileRef = 5A32B51B1D06E5F4007FBEF7 /* SearchResultCell.swift */; };
		5A32B51E1D07B576007FBEF7 /* NothingFoundCell.xib in Resources */ = {isa = PBXBuildFile; fileRef = 5A32B51D1D07B576007FBEF7 /* NothingFoundCell.xib */; };
		5AF856D81D0D0CAF007FCB6E /* LoadingCell.xib in Resources */ = {isa = PBXBuildFile; fileRef = 5AF856D71D0D0CAF007FCB6E /* LoadingCell.xib */; };
		5AF856DA1D0D636A007FCB6E /* UIImageView+DownloadImage.swift in Sources */ = {isa = PBXBuildFile; fileRef = 5AF856D91D0D636A007FCB6E /* UIImageView+DownloadImage.swift */; };
		5AF856DC1D0D76B2007FCB6E /* DetailViewController.swift in Sources */ = {isa = PBXBuildFile; fileRef = 5AF856DB1D0D76B2007FCB6E /* DetailViewController.swift */; };
		5AF856DE1D0D81EF007FCB6E /* DimmingPresentationController.swift in Sources */ = {isa = PBXBuildFile; fileRef = 5AF856DD1D0D81EF007FCB6E /* DimmingPresentationController.swift */; };
/* End PBXBuildFile section */

/* Begin PBXFileReference section */
		5A32B5011D06728C007FBEF7 /* StoreSearch.app */ = {isa = PBXFileReference; explicitFileType = wrapper.application; includeInIndex = 0; path = StoreSearch.app; sourceTree = BUILT_PRODUCTS_DIR; };
		5A32B5041D06728D007FBEF7 /* AppDelegate.swift */ = {isa = PBXFileReference; lastKnownFileType = sourcecode.swift; path = AppDelegate.swift; sourceTree = "<group>"; };
		5A32B5061D06728D007FBEF7 /* StoreSearchViewController.swift */ = {isa = PBXFileReference; lastKnownFileType = sourcecode.swift; path = StoreSearchViewController.swift; sourceTree = "<group>"; };
		5A32B5091D06728D007FBEF7 /* Base */ = {isa = PBXFileReference; lastKnownFileType = file.storyboard; name = Base; path = Base.lproj/Main.storyboard; sourceTree = "<group>"; };
		5A32B50B1D06728D007FBEF7 /* Assets.xcassets */ = {isa = PBXFileReference; lastKnownFileType = folder.assetcatalog; path = Assets.xcassets; sourceTree = "<group>"; };
		5A32B50E1D06728D007FBEF7 /* Base */ = {isa = PBXFileReference; lastKnownFileType = file.storyboard; name = Base; path = Base.lproj/LaunchScreen.storyboard; sourceTree = "<group>"; };
		5A32B5101D06728D007FBEF7 /* Info.plist */ = {isa = PBXFileReference; lastKnownFileType = text.plist.xml; path = Info.plist; sourceTree = "<group>"; };
		5A32B5171D06B8A7007FBEF7 /* SearchResult.swift */ = {isa = PBXFileReference; fileEncoding = 4; lastKnownFileType = sourcecode.swift; path = SearchResult.swift; sourceTree = "<group>"; };
		5A32B5191D06C429007FBEF7 /* SearchResultCell.xib */ = {isa = PBXFileReference; fileEncoding = 4; lastKnownFileType = file.xib; path = SearchResultCell.xib; sourceTree = "<group>"; };
		5A32B51B1D06E5F4007FBEF7 /* SearchResultCell.swift */ = {isa = PBXFileReference; fileEncoding = 4; lastKnownFileType = sourcecode.swift; path = SearchResultCell.swift; sourceTree = "<group>"; };
		5A32B51D1D07B576007FBEF7 /* NothingFoundCell.xib */ = {isa = PBXFileReference; fileEncoding = 4; lastKnownFileType = file.xib; path = NothingFoundCell.xib; sourceTree = "<group>"; };
		5AF856D71D0D0CAF007FCB6E /* LoadingCell.xib */ = {isa = PBXFileReference; fileEncoding = 4; lastKnownFileType = file.xib; path = LoadingCell.xib; sourceTree = "<group>"; };
		5AF856D91D0D636A007FCB6E /* UIImageView+DownloadImage.swift */ = {isa = PBXFileReference; fileEncoding = 4; lastKnownFileType = sourcecode.swift; path = "UIImageView+DownloadImage.swift"; sourceTree = "<group>"; };
		5AF856DB1D0D76B2007FCB6E /* DetailViewController.swift */ = {isa = PBXFileReference; fileEncoding = 4; lastKnownFileType = sourcecode.swift; path = DetailViewController.swift; sourceTree = "<group>"; };
		5AF856DD1D0D81EF007FCB6E /* DimmingPresentationController.swift */ = {isa = PBXFileReference; fileEncoding = 4; lastKnownFileType = sourcecode.swift; path = DimmingPresentationController.swift; sourceTree = "<group>"; };
/* End PBXFileReference section */

/* Begin PBXFrameworksBuildPhase section */
		5A32B4FE1D06728C007FBEF7 /* Frameworks */ = {
			isa = PBXFrameworksBuildPhase;
			buildActionMask = 2147483647;
			files = (
			);
			runOnlyForDeploymentPostprocessing = 0;
		};
/* End PBXFrameworksBuildPhase section */

/* Begin PBXGroup section */
		5A32B4F81D06728C007FBEF7 = {
			isa = PBXGroup;
			children = (
				5AF856D71D0D0CAF007FCB6E /* LoadingCell.xib */,
				5A32B51D1D07B576007FBEF7 /* NothingFoundCell.xib */,
				5A32B51B1D06E5F4007FBEF7 /* SearchResultCell.swift */,
				5A32B5191D06C429007FBEF7 /* SearchResultCell.xib */,
				5A32B5031D06728D007FBEF7 /* StoreSearch */,
				5A32B5021D06728C007FBEF7 /* Products */,
			);
			sourceTree = "<group>";
		};
		5A32B5021D06728C007FBEF7 /* Products */ = {
			isa = PBXGroup;
			children = (
				5A32B5011D06728C007FBEF7 /* StoreSearch.app */,
			);
			name = Products;
			sourceTree = "<group>";
		};
		5A32B5031D06728D007FBEF7 /* StoreSearch */ = {
			isa = PBXGroup;
			children = (
				5A32B5161D06B884007FBEF7 /* model */,
				5A32B5041D06728D007FBEF7 /* AppDelegate.swift */,
				5A32B5061D06728D007FBEF7 /* StoreSearchViewController.swift */,
				5A32B5081D06728D007FBEF7 /* Main.storyboard */,
				5A32B50B1D06728D007FBEF7 /* Assets.xcassets */,
				5A32B50D1D06728D007FBEF7 /* LaunchScreen.storyboard */,
				5A32B5101D06728D007FBEF7 /* Info.plist */,
				5AF856D91D0D636A007FCB6E /* UIImageView+DownloadImage.swift */,
				5AF856DB1D0D76B2007FCB6E /* DetailViewController.swift */,
				5AF856DD1D0D81EF007FCB6E /* DimmingPresentationController.swift */,
			);
			path = StoreSearch;
			sourceTree = "<group>";
		};
		5A32B5161D06B884007FBEF7 /* model */ = {
			isa = PBXGroup;
			children = (
				5A32B5171D06B8A7007FBEF7 /* SearchResult.swift */,
			);
			name = model;
			sourceTree = "<group>";
		};
/* End PBXGroup section */

/* Begin PBXNativeTarget section */
		5A32B5001D06728C007FBEF7 /* StoreSearch */ = {
			isa = PBXNativeTarget;
			buildConfigurationList = 5A32B5131D06728D007FBEF7 /* Build configuration list for PBXNativeTarget "StoreSearch" */;
			buildPhases = (
				5A32B4FD1D06728C007FBEF7 /* Sources */,
				5A32B4FE1D06728C007FBEF7 /* Frameworks */,
				5A32B4FF1D06728C007FBEF7 /* Resources */,
			);
			buildRules = (
			);
			dependencies = (
			);
			name = StoreSearch;
			productName = StoreSearch;
			productReference = 5A32B5011D06728C007FBEF7 /* StoreSearch.app */;
			productType = "com.apple.product-type.application";
		};
/* End PBXNativeTarget section */

/* Begin PBXProject section */
		5A32B4F91D06728C007FBEF7 /* Project object */ = {
			isa = PBXProject;
			attributes = {
				LastSwiftUpdateCheck = 0730;
				LastUpgradeCheck = 0730;
				ORGANIZATIONNAME = Rocky;
				TargetAttributes = {
					5A32B5001D06728C007FBEF7 = {
						CreatedOnToolsVersion = 7.3;
						DevelopmentTeam = LT5UL8TATD;
					};
				};
			};
			buildConfigurationList = 5A32B4FC1D06728C007FBEF7 /* Build configuration list for PBXProject "StoreSearch" */;
			compatibilityVersion = "Xcode 3.2";
			developmentRegion = English;
			hasScannedForEncodings = 0;
			knownRegions = (
				en,
				Base,
			);
			mainGroup = 5A32B4F81D06728C007FBEF7;
			productRefGroup = 5A32B5021D06728C007FBEF7 /* Products */;
			projectDirPath = "";
			projectRoot = "";
			targets = (
				5A32B5001D06728C007FBEF7 /* StoreSearch */,
			);
		};
/* End PBXProject section */

/* Begin PBXResourcesBuildPhase section */
		5A32B4FF1D06728C007FBEF7 /* Resources */ = {
			isa = PBXResourcesBuildPhase;
			buildActionMask = 2147483647;
			files = (
				5A32B50F1D06728D007FBEF7 /* LaunchScreen.storyboard in Resources */,
				5A32B50C1D06728D007FBEF7 /* Assets.xcassets in Resources */,
				5AF856D81D0D0CAF007FCB6E /* LoadingCell.xib in Resources */,
				5A32B51A1D06C429007FBEF7 /* SearchResultCell.xib in Resources */,
				5A32B51E1D07B576007FBEF7 /* NothingFoundCell.xib in Resources */,
				5A32B50A1D06728D007FBEF7 /* Main.storyboard in Resources */,
			);
			runOnlyForDeploymentPostprocessing = 0;
		};
/* End PBXResourcesBuildPhase section */

/* Begin PBXSourcesBuildPhase section */
		5A32B4FD1D06728C007FBEF7 /* Sources */ = {
			isa = PBXSourcesBuildPhase;
			buildActionMask = 2147483647;
			files = (
				5A32B5071D06728D007FBEF7 /* StoreSearchViewController.swift in Sources */,
				5AF856DE1D0D81EF007FCB6E /* DimmingPresentationController.swift in Sources */,
				5A32B5181D06B8A7007FBEF7 /* SearchResult.swift in Sources */,
				5A32B51C1D06E5F4007FBEF7 /* SearchResultCell.swift in Sources */,
				5AF856DC1D0D76B2007FCB6E /* DetailViewController.swift in Sources */,
				5A32B5051D06728D007FBEF7 /* AppDelegate.swift in Sources */,
				5AF856DA1D0D636A007FCB6E /* UIImageView+DownloadImage.swift in Sources */,
			);
			runOnlyForDeploymentPostprocessing = 0;
		};
/* End PBXSourcesBuildPhase section */

/* Begin PBXVariantGroup section */
		5A32B5081D06728D007FBEF7 /* Main.storyboard */ = {
			isa = PBXVariantGroup;
			children = (
				5A32B5091D06728D007FBEF7 /* Base */,
			);
			name = Main.storyboard;
			sourceTree = "<group>";
		};
		5A32B50D1D06728D007FBEF7 /* LaunchScreen.storyboard */ = {
			isa = PBXVariantGroup;
			children = (
				5A32B50E1D06728D007FBEF7 /* Base */,
			);
			name = LaunchScreen.storyboard;
			sourceTree = "<group>";
		};
/* End PBXVariantGroup section */

/* Begin XCBuildConfiguration section */
		5A32B5111D06728D007FBEF7 /* Debug */ = {
			isa = XCBuildConfiguration;
			buildSettings = {
				ALWAYS_SEARCH_USER_PATHS = NO;
				CLANG_ANALYZER_NONNULL = YES;
				CLANG_CXX_LANGUAGE_STANDARD = "gnu++0x";
				CLANG_CXX_LIBRARY = "libc++";
				CLANG_ENABLE_MODULES = YES;
				CLANG_ENABLE_OBJC_ARC = YES;
				CLANG_WARN_BOOL_CONVERSION = YES;
				CLANG_WARN_CONSTANT_CONVERSION = YES;
				CLANG_WARN_DIRECT_OBJC_ISA_USAGE = YES_ERROR;
				CLANG_WARN_EMPTY_BODY = YES;
				CLANG_WARN_ENUM_CONVERSION = YES;
				CLANG_WARN_INT_CONVERSION = YES;
				CLANG_WARN_OBJC_ROOT_CLASS = YES_ERROR;
				CLANG_WARN_UNREACHABLE_CODE = YES;
				CLANG_WARN__DUPLICATE_METHOD_MATCH = YES;
				"CODE_SIGN_IDENTITY[sdk=iphoneos*]" = "iPhone Developer";
				COPY_PHASE_STRIP = NO;
				DEBUG_INFORMATION_FORMAT = dwarf;
				ENABLE_STRICT_OBJC_MSGSEND = YES;
				ENABLE_TESTABILITY = YES;
				GCC_C_LANGUAGE_STANDARD = gnu99;
				GCC_DYNAMIC_NO_PIC = NO;
				GCC_NO_COMMON_BLOCKS = YES;
				GCC_OPTIMIZATION_LEVEL = 0;
				GCC_PREPROCESSOR_DEFINITIONS = (
					"DEBUG=1",
					"$(inherited)",
				);
				GCC_WARN_64_TO_32_BIT_CONVERSION = YES;
				GCC_WARN_ABOUT_RETURN_TYPE = YES_ERROR;
				GCC_WARN_UNDECLARED_SELECTOR = YES;
				GCC_WARN_UNINITIALIZED_AUTOS = YES_AGGRESSIVE;
				GCC_WARN_UNUSED_FUNCTION = YES;
				GCC_WARN_UNUSED_VARIABLE = YES;
				IPHONEOS_DEPLOYMENT_TARGET = 9.3;
				MTL_ENABLE_DEBUG_INFO = YES;
				ONLY_ACTIVE_ARCH = YES;
				SDKROOT = iphoneos;
				SWIFT_OPTIMIZATION_LEVEL = "-Onone";
			};
			name = Debug;
		};
		5A32B5121D06728D007FBEF7 /* Release */ = {
			isa = XCBuildConfiguration;
			buildSettings = {
				ALWAYS_SEARCH_USER_PATHS = NO;
				CLANG_ANALYZER_NONNULL = YES;
				CLANG_CXX_LANGUAGE_STANDARD = "gnu++0x";
				CLANG_CXX_LIBRARY = "libc++";
				CLANG_ENABLE_MODULES = YES;
				CLANG_ENABLE_OBJC_ARC = YES;
				CLANG_WARN_BOOL_CONVERSION = YES;
				CLANG_WARN_CONSTANT_CONVERSION = YES;
				CLANG_WARN_DIRECT_OBJC_ISA_USAGE = YES_ERROR;
				CLANG_WARN_EMPTY_BODY = YES;
				CLANG_WARN_ENUM_CONVERSION = YES;
				CLANG_WARN_INT_CONVERSION = YES;
				CLANG_WARN_OBJC_ROOT_CLASS = YES_ERROR;
				CLANG_WARN_UNREACHABLE_CODE = YES;
				CLANG_WARN__DUPLICATE_METHOD_MATCH = YES;
				"CODE_SIGN_IDENTITY[sdk=iphoneos*]" = "iPhone Developer";
				COPY_PHASE_STRIP = NO;
				DEBUG_INFORMATION_FORMAT = "dwarf-with-dsym";
				ENABLE_NS_ASSERTIONS = NO;
				ENABLE_STRICT_OBJC_MSGSEND = YES;
				GCC_C_LANGUAGE_STANDARD = gnu99;
				GCC_NO_COMMON_BLOCKS = YES;
				GCC_WARN_64_TO_32_BIT_CONVERSION = YES;
				GCC_WARN_ABOUT_RETURN_TYPE = YES_ERROR;
				GCC_WARN_UNDECLARED_SELECTOR = YES;
				GCC_WARN_UNINITIALIZED_AUTOS = YES_AGGRESSIVE;
				GCC_WARN_UNUSED_FUNCTION = YES;
				GCC_WARN_UNUSED_VARIABLE = YES;
				IPHONEOS_DEPLOYMENT_TARGET = 9.3;
				MTL_ENABLE_DEBUG_INFO = NO;
				SDKROOT = iphoneos;
				VALIDATE_PRODUCT = YES;
			};
			name = Release;
		};
		5A32B5141D06728D007FBEF7 /* Debug */ = {
			isa = XCBuildConfiguration;
			buildSettings = {
				ASSETCATALOG_COMPILER_APPICON_NAME = AppIcon;
				INFOPLIST_FILE = StoreSearch/Info.plist;
				LD_RUNPATH_SEARCH_PATHS = "$(inherited) @executable_path/Frameworks";
				PRODUCT_BUNDLE_IDENTIFIER = com.rocky.StoreSearch;
				PRODUCT_NAME = "$(TARGET_NAME)";
			};
			name = Debug;
		};
		5A32B5151D06728D007FBEF7 /* Release */ = {
			isa = XCBuildConfiguration;
			buildSettings = {
				ASSETCATALOG_COMPILER_APPICON_NAME = AppIcon;
				INFOPLIST_FILE = StoreSearch/Info.plist;
				LD_RUNPATH_SEARCH_PATHS = "$(inherited) @executable_path/Frameworks";
				PRODUCT_BUNDLE_IDENTIFIER = com.rocky.StoreSearch;
				PRODUCT_NAME = "$(TARGET_NAME)";
			};
			name = Release;
		};
/* End XCBuildConfiguration section */

/* Begin XCConfigurationList section */
		5A32B4FC1D06728C007FBEF7 /* Build configuration list for PBXProject "StoreSearch" */ = {
			isa = XCConfigurationList;
			buildConfigurations = (
				5A32B5111D06728D007FBEF7 /* Debug */,
				5A32B5121D06728D007FBEF7 /* Release */,
			);
			defaultConfigurationIsVisible = 0;
			defaultConfigurationName = Release;
		};
		5A32B5131D06728D007FBEF7 /* Build configuration list for PBXNativeTarget "StoreSearch" */ = {
			isa = XCConfigurationList;
			buildConfigurations = (
				5A32B5141D06728D007FBEF7 /* Debug */,
				5A32B5151D06728D007FBEF7 /* Release */,
			);
			defaultConfigurationIsVisible = 0;
			defaultConfigurationName = Release;
		};
/* End XCConfigurationList section */
	};
	rootObject = 5A32B4F91D06728C007FBEF7 /* Project object */;
}
